// !$*UTF8*$!
{
	archiveVersion = 1;
	classes = {
	};
	objectVersion = 56;
	objects = {

/* Begin PBXBuildFile section */
		CE4C15D92A5B266F006D711D /* HomeViewController.swift in Sources */ = {isa = PBXBuildFile; fileRef = CE4C15D82A5B266F006D711D /* HomeViewController.swift */; };
		CE4C15DB2A5B2680006D711D /* MessagesViewController.swift in Sources */ = {isa = PBXBuildFile; fileRef = CE4C15DA2A5B2680006D711D /* MessagesViewController.swift */; };
		CE4C15DD2A5B28C5006D711D /* SearchViewController.swift in Sources */ = {isa = PBXBuildFile; fileRef = CE4C15DC2A5B28C5006D711D /* SearchViewController.swift */; };
		CE4C15DF2A5B28D1006D711D /* NotificationViewController.swift in Sources */ = {isa = PBXBuildFile; fileRef = CE4C15DE2A5B28D1006D711D /* NotificationViewController.swift */; };
		CE4C15E22A5B2A76006D711D /* TweetTableViewCell.swift in Sources */ = {isa = PBXBuildFile; fileRef = CE4C15E12A5B2A76006D711D /* TweetTableViewCell.swift */; };
		CE4C15E52A5BDA5A006D711D /* ProfileViewController.swift in Sources */ = {isa = PBXBuildFile; fileRef = CE4C15E42A5BDA5A006D711D /* ProfileViewController.swift */; };
		CE4C15E72A5BE21A006D711D /* HeaderView.swift in Sources */ = {isa = PBXBuildFile; fileRef = CE4C15E62A5BE21A006D711D /* HeaderView.swift */; };
		CE9A518D2A6831F80032EB47 /* PresentViewController.swift in Sources */ = {isa = PBXBuildFile; fileRef = CE9A518C2A6831F80032EB47 /* PresentViewController.swift */; };
		CE9A51902A6832A00032EB47 /* FirebaseAnalytics in Frameworks */ = {isa = PBXBuildFile; productRef = CE9A518F2A6832A00032EB47 /* FirebaseAnalytics */; };
		CE9A51922A6832A00032EB47 /* FirebaseAnalyticsSwift in Frameworks */ = {isa = PBXBuildFile; productRef = CE9A51912A6832A00032EB47 /* FirebaseAnalyticsSwift */; };
		CE9A51942A6832A00032EB47 /* FirebaseAuth in Frameworks */ = {isa = PBXBuildFile; productRef = CE9A51932A6832A00032EB47 /* FirebaseAuth */; };
		CE9A51962A6832A00032EB47 /* FirebaseAuthCombine-Community in Frameworks */ = {isa = PBXBuildFile; productRef = CE9A51952A6832A00032EB47 /* FirebaseAuthCombine-Community */; };
		CE9A51982A6832A00032EB47 /* FirebaseDatabase in Frameworks */ = {isa = PBXBuildFile; productRef = CE9A51972A6832A00032EB47 /* FirebaseDatabase */; };
		CE9A519A2A6832A00032EB47 /* FirebaseDatabaseSwift in Frameworks */ = {isa = PBXBuildFile; productRef = CE9A51992A6832A00032EB47 /* FirebaseDatabaseSwift */; };
		CE9A519C2A6832A00032EB47 /* FirebaseFirestore in Frameworks */ = {isa = PBXBuildFile; productRef = CE9A519B2A6832A00032EB47 /* FirebaseFirestore */; };
		CE9A519E2A6832A00032EB47 /* FirebaseFirestoreCombine-Community in Frameworks */ = {isa = PBXBuildFile; productRef = CE9A519D2A6832A00032EB47 /* FirebaseFirestoreCombine-Community */; };
		CE9A51A02A6832A00032EB47 /* FirebaseFirestoreSwift in Frameworks */ = {isa = PBXBuildFile; productRef = CE9A519F2A6832A00032EB47 /* FirebaseFirestoreSwift */; };
		CE9A51A22A6832A00032EB47 /* FirebaseStorage in Frameworks */ = {isa = PBXBuildFile; productRef = CE9A51A12A6832A00032EB47 /* FirebaseStorage */; };
		CE9A51A42A6832A00032EB47 /* FirebaseStorageCombine-Community in Frameworks */ = {isa = PBXBuildFile; productRef = CE9A51A32A6832A00032EB47 /* FirebaseStorageCombine-Community */; };
		CE9A51A62A6832D90032EB47 /* GoogleService-Info.plist in Resources */ = {isa = PBXBuildFile; fileRef = CE9A51A52A6832D90032EB47 /* GoogleService-Info.plist */; };
		CE9A51A82A6839AC0032EB47 /* LoginViewController.swift in Sources */ = {isa = PBXBuildFile; fileRef = CE9A51A72A6839AC0032EB47 /* LoginViewController.swift */; };
		CE9A51AA2A68587B0032EB47 /* RegisterViewController.swift in Sources */ = {isa = PBXBuildFile; fileRef = CE9A51A92A68587B0032EB47 /* RegisterViewController.swift */; };
		CE9A51AD2A6BAAAA0032EB47 /* AuthenticationViewViewModel.swift in Sources */ = {isa = PBXBuildFile; fileRef = CE9A51AC2A6BAAAA0032EB47 /* AuthenticationViewViewModel.swift */; };
		CE9A51B02A6D14030032EB47 /* AuthManager.swift in Sources */ = {isa = PBXBuildFile; fileRef = CE9A51AF2A6D14030032EB47 /* AuthManager.swift */; };
		CE9A51B22A7169A60032EB47 /* TwitterUser.swift in Sources */ = {isa = PBXBuildFile; fileRef = CE9A51B12A7169A60032EB47 /* TwitterUser.swift */; };
		CE9A51B52A716DF50032EB47 /* DatabaseManager.swift in Sources */ = {isa = PBXBuildFile; fileRef = CE9A51B42A716DF50032EB47 /* DatabaseManager.swift */; };
		CE9A51B72A7175520032EB47 /* HomeViewViewModel.swift in Sources */ = {isa = PBXBuildFile; fileRef = CE9A51B62A7175520032EB47 /* HomeViewViewModel.swift */; };
		CE9A51B92A717AB80032EB47 /* CreateProfileViewController.swift in Sources */ = {isa = PBXBuildFile; fileRef = CE9A51B82A717AB80032EB47 /* CreateProfileViewController.swift */; };
		CE9A51BB2A717CF70032EB47 /* ProfileDataFormViewModel.swift in Sources */ = {isa = PBXBuildFile; fileRef = CE9A51BA2A717CF70032EB47 /* ProfileDataFormViewModel.swift */; };
		CE9A51BD2A717DBC0032EB47 /* ProfileDataFormViewController.swift in Sources */ = {isa = PBXBuildFile; fileRef = CE9A51BC2A717DBC0032EB47 /* ProfileDataFormViewController.swift */; };
		CE9A51BF2A72A6140032EB47 /* StorageManager.swift in Sources */ = {isa = PBXBuildFile; fileRef = CE9A51BE2A72A6140032EB47 /* StorageManager.swift */; };
		CE9A51C22A77A20B0032EB47 /* SDWebImage in Frameworks */ = {isa = PBXBuildFile; productRef = CE9A51C12A77A20B0032EB47 /* SDWebImage */; };
		CE9A51C42A77A20B0032EB47 /* SDWebImageMapKit in Frameworks */ = {isa = PBXBuildFile; productRef = CE9A51C32A77A20B0032EB47 /* SDWebImageMapKit */; };
		CE9A51C62A7B7C5F0032EB47 /* Tweet.swift in Sources */ = {isa = PBXBuildFile; fileRef = CE9A51C52A7B7C5F0032EB47 /* Tweet.swift */; };
		CE9A51C82A7B82F10032EB47 /* AddTweetViewController.swift in Sources */ = {isa = PBXBuildFile; fileRef = CE9A51C72A7B82F10032EB47 /* AddTweetViewController.swift */; };
		CE9A51CA2A7BA94C0032EB47 /* AddTweetsViewViewModel.swift in Sources */ = {isa = PBXBuildFile; fileRef = CE9A51C92A7BA94C0032EB47 /* AddTweetsViewViewModel.swift */; };
		CEA6963B2A5B213D002E8272 /* AppDelegate.swift in Sources */ = {isa = PBXBuildFile; fileRef = CEA6963A2A5B213D002E8272 /* AppDelegate.swift */; };
		CEA6963D2A5B213D002E8272 /* SceneDelegate.swift in Sources */ = {isa = PBXBuildFile; fileRef = CEA6963C2A5B213D002E8272 /* SceneDelegate.swift */; };
		CEA6963F2A5B213D002E8272 /* TabBarController.swift in Sources */ = {isa = PBXBuildFile; fileRef = CEA6963E2A5B213D002E8272 /* TabBarController.swift */; };
		CEA696452A5B213D002E8272 /* Twitter_Clone.xcdatamodeld in Sources */ = {isa = PBXBuildFile; fileRef = CEA696432A5B213D002E8272 /* Twitter_Clone.xcdatamodeld */; };
		CEA696472A5B213E002E8272 /* Assets.xcassets in Resources */ = {isa = PBXBuildFile; fileRef = CEA696462A5B213E002E8272 /* Assets.xcassets */; };
		CEA6964A2A5B213E002E8272 /* LaunchScreen.storyboard in Resources */ = {isa = PBXBuildFile; fileRef = CEA696482A5B213E002E8272 /* LaunchScreen.storyboard */; };
/* End PBXBuildFile section */

/* Begin PBXFileReference section */
		CE4C15D82A5B266F006D711D /* HomeViewController.swift */ = {isa = PBXFileReference; lastKnownFileType = sourcecode.swift; path = HomeViewController.swift; sourceTree = "<group>"; };
		CE4C15DA2A5B2680006D711D /* MessagesViewController.swift */ = {isa = PBXFileReference; lastKnownFileType = sourcecode.swift; path = MessagesViewController.swift; sourceTree = "<group>"; };
		CE4C15DC2A5B28C5006D711D /* SearchViewController.swift */ = {isa = PBXFileReference; lastKnownFileType = sourcecode.swift; path = SearchViewController.swift; sourceTree = "<group>"; };
		CE4C15DE2A5B28D1006D711D /* NotificationViewController.swift */ = {isa = PBXFileReference; lastKnownFileType = sourcecode.swift; path = NotificationViewController.swift; sourceTree = "<group>"; };
		CE4C15E12A5B2A76006D711D /* TweetTableViewCell.swift */ = {isa = PBXFileReference; lastKnownFileType = sourcecode.swift; path = TweetTableViewCell.swift; sourceTree = "<group>"; };
		CE4C15E42A5BDA5A006D711D /* ProfileViewController.swift */ = {isa = PBXFileReference; lastKnownFileType = sourcecode.swift; path = ProfileViewController.swift; sourceTree = "<group>"; };
		CE4C15E62A5BE21A006D711D /* HeaderView.swift */ = {isa = PBXFileReference; lastKnownFileType = sourcecode.swift; path = HeaderView.swift; sourceTree = "<group>"; };
		CE9A518C2A6831F80032EB47 /* PresentViewController.swift */ = {isa = PBXFileReference; lastKnownFileType = sourcecode.swift; path = PresentViewController.swift; sourceTree = "<group>"; };
		CE9A51A52A6832D90032EB47 /* GoogleService-Info.plist */ = {isa = PBXFileReference; fileEncoding = 4; lastKnownFileType = text.plist.xml; path = "GoogleService-Info.plist"; sourceTree = "<group>"; };
		CE9A51A72A6839AC0032EB47 /* LoginViewController.swift */ = {isa = PBXFileReference; lastKnownFileType = sourcecode.swift; path = LoginViewController.swift; sourceTree = "<group>"; };
		CE9A51A92A68587B0032EB47 /* RegisterViewController.swift */ = {isa = PBXFileReference; lastKnownFileType = sourcecode.swift; path = RegisterViewController.swift; sourceTree = "<group>"; };
		CE9A51AC2A6BAAAA0032EB47 /* AuthenticationViewViewModel.swift */ = {isa = PBXFileReference; lastKnownFileType = sourcecode.swift; path = AuthenticationViewViewModel.swift; sourceTree = "<group>"; };
		CE9A51AF2A6D14030032EB47 /* AuthManager.swift */ = {isa = PBXFileReference; lastKnownFileType = sourcecode.swift; path = AuthManager.swift; sourceTree = "<group>"; };
		CE9A51B12A7169A60032EB47 /* TwitterUser.swift */ = {isa = PBXFileReference; lastKnownFileType = sourcecode.swift; path = TwitterUser.swift; sourceTree = "<group>"; };
		CE9A51B42A716DF50032EB47 /* DatabaseManager.swift */ = {isa = PBXFileReference; lastKnownFileType = sourcecode.swift; path = DatabaseManager.swift; sourceTree = "<group>"; };
		CE9A51B62A7175520032EB47 /* HomeViewViewModel.swift */ = {isa = PBXFileReference; lastKnownFileType = sourcecode.swift; path = HomeViewViewModel.swift; sourceTree = "<group>"; };
		CE9A51B82A717AB80032EB47 /* CreateProfileViewController.swift */ = {isa = PBXFileReference; lastKnownFileType = sourcecode.swift; path = CreateProfileViewController.swift; sourceTree = "<group>"; };
		CE9A51BA2A717CF70032EB47 /* ProfileDataFormViewModel.swift */ = {isa = PBXFileReference; lastKnownFileType = sourcecode.swift; path = ProfileDataFormViewModel.swift; sourceTree = "<group>"; };
		CE9A51BC2A717DBC0032EB47 /* ProfileDataFormViewController.swift */ = {isa = PBXFileReference; lastKnownFileType = sourcecode.swift; path = ProfileDataFormViewController.swift; sourceTree = "<group>"; };
		CE9A51BE2A72A6140032EB47 /* StorageManager.swift */ = {isa = PBXFileReference; lastKnownFileType = sourcecode.swift; path = StorageManager.swift; sourceTree = "<group>"; };
		CE9A51C52A7B7C5F0032EB47 /* Tweet.swift */ = {isa = PBXFileReference; lastKnownFileType = sourcecode.swift; path = Tweet.swift; sourceTree = "<group>"; };
		CE9A51C72A7B82F10032EB47 /* AddTweetViewController.swift */ = {isa = PBXFileReference; lastKnownFileType = sourcecode.swift; path = AddTweetViewController.swift; sourceTree = "<group>"; };
		CE9A51C92A7BA94C0032EB47 /* AddTweetsViewViewModel.swift */ = {isa = PBXFileReference; lastKnownFileType = sourcecode.swift; path = AddTweetsViewViewModel.swift; sourceTree = "<group>"; };
		CEA696372A5B213D002E8272 /* Twitter Clone.app */ = {isa = PBXFileReference; explicitFileType = wrapper.application; includeInIndex = 0; path = "Twitter Clone.app"; sourceTree = BUILT_PRODUCTS_DIR; };
		CEA6963A2A5B213D002E8272 /* AppDelegate.swift */ = {isa = PBXFileReference; lastKnownFileType = sourcecode.swift; path = AppDelegate.swift; sourceTree = "<group>"; };
		CEA6963C2A5B213D002E8272 /* SceneDelegate.swift */ = {isa = PBXFileReference; lastKnownFileType = sourcecode.swift; path = SceneDelegate.swift; sourceTree = "<group>"; };
		CEA6963E2A5B213D002E8272 /* TabBarController.swift */ = {isa = PBXFileReference; lastKnownFileType = sourcecode.swift; path = TabBarController.swift; sourceTree = "<group>"; };
		CEA696442A5B213D002E8272 /* Twitter_Clone.xcdatamodel */ = {isa = PBXFileReference; lastKnownFileType = wrapper.xcdatamodel; path = Twitter_Clone.xcdatamodel; sourceTree = "<group>"; };
		CEA696462A5B213E002E8272 /* Assets.xcassets */ = {isa = PBXFileReference; lastKnownFileType = folder.assetcatalog; path = Assets.xcassets; sourceTree = "<group>"; };
		CEA696492A5B213E002E8272 /* Base */ = {isa = PBXFileReference; lastKnownFileType = file.storyboard; name = Base; path = Base.lproj/LaunchScreen.storyboard; sourceTree = "<group>"; };
		CEA6964B2A5B213E002E8272 /* Info.plist */ = {isa = PBXFileReference; lastKnownFileType = text.plist.xml; path = Info.plist; sourceTree = "<group>"; };
/* End PBXFileReference section */

/* Begin PBXFrameworksBuildPhase section */
		CEA696342A5B213D002E8272 /* Frameworks */ = {
			isa = PBXFrameworksBuildPhase;
			buildActionMask = 2147483647;
			files = (
				CE9A51A42A6832A00032EB47 /* FirebaseStorageCombine-Community in Frameworks */,
				CE9A519A2A6832A00032EB47 /* FirebaseDatabaseSwift in Frameworks */,
				CE9A51C42A77A20B0032EB47 /* SDWebImageMapKit in Frameworks */,
				CE9A519E2A6832A00032EB47 /* FirebaseFirestoreCombine-Community in Frameworks */,
				CE9A51982A6832A00032EB47 /* FirebaseDatabase in Frameworks */,
				CE9A51A22A6832A00032EB47 /* FirebaseStorage in Frameworks */,
				CE9A51922A6832A00032EB47 /* FirebaseAnalyticsSwift in Frameworks */,
				CE9A51C22A77A20B0032EB47 /* SDWebImage in Frameworks */,
				CE9A51942A6832A00032EB47 /* FirebaseAuth in Frameworks */,
				CE9A51902A6832A00032EB47 /* FirebaseAnalytics in Frameworks */,
				CE9A51962A6832A00032EB47 /* FirebaseAuthCombine-Community in Frameworks */,
				CE9A519C2A6832A00032EB47 /* FirebaseFirestore in Frameworks */,
				CE9A51A02A6832A00032EB47 /* FirebaseFirestoreSwift in Frameworks */,
			);
			runOnlyForDeploymentPostprocessing = 0;
		};
/* End PBXFrameworksBuildPhase section */

/* Begin PBXGroup section */
		CE4C15D62A5B2652006D711D /* Controller */ = {
			isa = PBXGroup;
			children = (
				CE9A518B2A6831D80032EB47 /* Outboard */,
				CE4C15E32A5BDA43006D711D /* General */,
				CE4C15D72A5B265C006D711D /* Core */,
			);
			path = Controller;
			sourceTree = "<group>";
		};
		CE4C15D72A5B265C006D711D /* Core */ = {
			isa = PBXGroup;
			children = (
				CE4C15D82A5B266F006D711D /* HomeViewController.swift */,
				CE4C15DA2A5B2680006D711D /* MessagesViewController.swift */,
				CE4C15DC2A5B28C5006D711D /* SearchViewController.swift */,
				CE4C15DE2A5B28D1006D711D /* NotificationViewController.swift */,
			);
			path = Core;
			sourceTree = "<group>";
		};
		CE4C15E02A5B2A40006D711D /* View */ = {
			isa = PBXGroup;
			children = (
				CE4C15E12A5B2A76006D711D /* TweetTableViewCell.swift */,
				CE4C15E62A5BE21A006D711D /* HeaderView.swift */,
			);
			path = View;
			sourceTree = "<group>";
		};
		CE4C15E32A5BDA43006D711D /* General */ = {
			isa = PBXGroup;
			children = (
				CE4C15E42A5BDA5A006D711D /* ProfileViewController.swift */,
				CE9A51BC2A717DBC0032EB47 /* ProfileDataFormViewController.swift */,
				CE9A51C72A7B82F10032EB47 /* AddTweetViewController.swift */,
			);
			path = General;
			sourceTree = "<group>";
		};
		CE9A518B2A6831D80032EB47 /* Outboard */ = {
			isa = PBXGroup;
			children = (
				CE9A518C2A6831F80032EB47 /* PresentViewController.swift */,
				CE9A51A72A6839AC0032EB47 /* LoginViewController.swift */,
				CE9A51A92A68587B0032EB47 /* RegisterViewController.swift */,
				CE9A51B82A717AB80032EB47 /* CreateProfileViewController.swift */,
			);
			path = Outboard;
			sourceTree = "<group>";
		};
		CE9A51AB2A6BAA8D0032EB47 /* ViewModel */ = {
			isa = PBXGroup;
			children = (
				CE9A51AC2A6BAAAA0032EB47 /* AuthenticationViewViewModel.swift */,
				CE9A51B62A7175520032EB47 /* HomeViewViewModel.swift */,
				CE9A51BA2A717CF70032EB47 /* ProfileDataFormViewModel.swift */,
				CE9A51C92A7BA94C0032EB47 /* AddTweetsViewViewModel.swift */,
			);
			path = ViewModel;
			sourceTree = "<group>";
		};
		CE9A51AE2A6D13E10032EB47 /* Network */ = {
			isa = PBXGroup;
			children = (
				CE9A51AF2A6D14030032EB47 /* AuthManager.swift */,
				CE9A51B42A716DF50032EB47 /* DatabaseManager.swift */,
				CE9A51BE2A72A6140032EB47 /* StorageManager.swift */,
			);
			path = Network;
			sourceTree = "<group>";
		};
		CE9A51B32A716D2D0032EB47 /* Models */ = {
			isa = PBXGroup;
			children = (
				CE9A51B12A7169A60032EB47 /* TwitterUser.swift */,
				CE9A51C52A7B7C5F0032EB47 /* Tweet.swift */,
			);
			path = Models;
			sourceTree = "<group>";
		};
		CEA6962E2A5B213C002E8272 = {
			isa = PBXGroup;
			children = (
				CEA696392A5B213D002E8272 /* Twitter Clone */,
				CEA696382A5B213D002E8272 /* Products */,
			);
			sourceTree = "<group>";
		};
		CEA696382A5B213D002E8272 /* Products */ = {
			isa = PBXGroup;
			children = (
				CEA696372A5B213D002E8272 /* Twitter Clone.app */,
			);
			name = Products;
			sourceTree = "<group>";
		};
		CEA696392A5B213D002E8272 /* Twitter Clone */ = {
			isa = PBXGroup;
			children = (
				CE9A51B32A716D2D0032EB47 /* Models */,
				CE9A51AE2A6D13E10032EB47 /* Network */,
				CE9A51AB2A6BAA8D0032EB47 /* ViewModel */,
				CE4C15E02A5B2A40006D711D /* View */,
				CE4C15D62A5B2652006D711D /* Controller */,
				CEA6963A2A5B213D002E8272 /* AppDelegate.swift */,
				CEA6963C2A5B213D002E8272 /* SceneDelegate.swift */,
				CEA6963E2A5B213D002E8272 /* TabBarController.swift */,
				CEA696462A5B213E002E8272 /* Assets.xcassets */,
				CEA696482A5B213E002E8272 /* LaunchScreen.storyboard */,
				CEA6964B2A5B213E002E8272 /* Info.plist */,
				CEA696432A5B213D002E8272 /* Twitter_Clone.xcdatamodeld */,
				CE9A51A52A6832D90032EB47 /* GoogleService-Info.plist */,
			);
			path = "Twitter Clone";
			sourceTree = "<group>";
		};
/* End PBXGroup section */

/* Begin PBXNativeTarget section */
		CEA696362A5B213D002E8272 /* Twitter Clone */ = {
			isa = PBXNativeTarget;
			buildConfigurationList = CEA6964E2A5B213E002E8272 /* Build configuration list for PBXNativeTarget "Twitter Clone" */;
			buildPhases = (
				CEA696332A5B213D002E8272 /* Sources */,
				CEA696342A5B213D002E8272 /* Frameworks */,
				CEA696352A5B213D002E8272 /* Resources */,
			);
			buildRules = (
			);
			dependencies = (
			);
			name = "Twitter Clone";
			packageProductDependencies = (
				CE9A518F2A6832A00032EB47 /* FirebaseAnalytics */,
				CE9A51912A6832A00032EB47 /* FirebaseAnalyticsSwift */,
				CE9A51932A6832A00032EB47 /* FirebaseAuth */,
				CE9A51952A6832A00032EB47 /* FirebaseAuthCombine-Community */,
				CE9A51972A6832A00032EB47 /* FirebaseDatabase */,
				CE9A51992A6832A00032EB47 /* FirebaseDatabaseSwift */,
				CE9A519B2A6832A00032EB47 /* FirebaseFirestore */,
				CE9A519D2A6832A00032EB47 /* FirebaseFirestoreCombine-Community */,
				CE9A519F2A6832A00032EB47 /* FirebaseFirestoreSwift */,
				CE9A51A12A6832A00032EB47 /* FirebaseStorage */,
				CE9A51A32A6832A00032EB47 /* FirebaseStorageCombine-Community */,
				CE9A51C12A77A20B0032EB47 /* SDWebImage */,
				CE9A51C32A77A20B0032EB47 /* SDWebImageMapKit */,
			);
			productName = "Twitter Clone";
			productReference = CEA696372A5B213D002E8272 /* Twitter Clone.app */;
			productType = "com.apple.product-type.application";
		};
/* End PBXNativeTarget section */

/* Begin PBXProject section */
		CEA6962F2A5B213C002E8272 /* Project object */ = {
			isa = PBXProject;
			attributes = {
				BuildIndependentTargetsInParallel = 1;
				LastSwiftUpdateCheck = 1430;
				LastUpgradeCheck = 1430;
				TargetAttributes = {
					CEA696362A5B213D002E8272 = {
						CreatedOnToolsVersion = 14.3;
					};
				};
			};
			buildConfigurationList = CEA696322A5B213C002E8272 /* Build configuration list for PBXProject "Twitter Clone" */;
			compatibilityVersion = "Xcode 14.0";
			developmentRegion = en;
			hasScannedForEncodings = 0;
			knownRegions = (
				en,
				Base,
			);
			mainGroup = CEA6962E2A5B213C002E8272;
			packageReferences = (
				CE9A518E2A6832A00032EB47 /* XCRemoteSwiftPackageReference "firebase-ios-sdk" */,
				CE9A51C02A77A20B0032EB47 /* XCRemoteSwiftPackageReference "SDWebImage" */,
			);
			productRefGroup = CEA696382A5B213D002E8272 /* Products */;
			projectDirPath = "";
			projectRoot = "";
			targets = (
				CEA696362A5B213D002E8272 /* Twitter Clone */,
			);
		};
/* End PBXProject section */

/* Begin PBXResourcesBuildPhase section */
		CEA696352A5B213D002E8272 /* Resources */ = {
			isa = PBXResourcesBuildPhase;
			buildActionMask = 2147483647;
			files = (
				CEA6964A2A5B213E002E8272 /* LaunchScreen.storyboard in Resources */,
				CE9A51A62A6832D90032EB47 /* GoogleService-Info.plist in Resources */,
				CEA696472A5B213E002E8272 /* Assets.xcassets in Resources */,
			);
			runOnlyForDeploymentPostprocessing = 0;
		};
/* End PBXResourcesBuildPhase section */

/* Begin PBXSourcesBuildPhase section */
		CEA696332A5B213D002E8272 /* Sources */ = {
			isa = PBXSourcesBuildPhase;
			buildActionMask = 2147483647;
			files = (
				CE4C15DB2A5B2680006D711D /* MessagesViewController.swift in Sources */,
				CE4C15DD2A5B28C5006D711D /* SearchViewController.swift in Sources */,
				CE9A518D2A6831F80032EB47 /* PresentViewController.swift in Sources */,
				CE4C15E52A5BDA5A006D711D /* ProfileViewController.swift in Sources */,
				CE9A51AD2A6BAAAA0032EB47 /* AuthenticationViewViewModel.swift in Sources */,
				CE9A51BB2A717CF70032EB47 /* ProfileDataFormViewModel.swift in Sources */,
				CE9A51B22A7169A60032EB47 /* TwitterUser.swift in Sources */,
				CE4C15E22A5B2A76006D711D /* TweetTableViewCell.swift in Sources */,
				CE9A51B52A716DF50032EB47 /* DatabaseManager.swift in Sources */,
				CE9A51B92A717AB80032EB47 /* CreateProfileViewController.swift in Sources */,
				CE4C15DF2A5B28D1006D711D /* NotificationViewController.swift in Sources */,
				CE9A51CA2A7BA94C0032EB47 /* AddTweetsViewViewModel.swift in Sources */,
				CE4C15D92A5B266F006D711D /* HomeViewController.swift in Sources */,
				CE9A51C82A7B82F10032EB47 /* AddTweetViewController.swift in Sources */,
				CEA6963F2A5B213D002E8272 /* TabBarController.swift in Sources */,
				CE4C15E72A5BE21A006D711D /* HeaderView.swift in Sources */,
				CE9A51AA2A68587B0032EB47 /* RegisterViewController.swift in Sources */,
				CE9A51C62A7B7C5F0032EB47 /* Tweet.swift in Sources */,
				CEA696452A5B213D002E8272 /* Twitter_Clone.xcdatamodeld in Sources */,
				CEA6963B2A5B213D002E8272 /* AppDelegate.swift in Sources */,
				CE9A51A82A6839AC0032EB47 /* LoginViewController.swift in Sources */,
				CE9A51BD2A717DBC0032EB47 /* ProfileDataFormViewController.swift in Sources */,
				CEA6963D2A5B213D002E8272 /* SceneDelegate.swift in Sources */,
				CE9A51B02A6D14030032EB47 /* AuthManager.swift in Sources */,
				CE9A51B72A7175520032EB47 /* HomeViewViewModel.swift in Sources */,
				CE9A51BF2A72A6140032EB47 /* StorageManager.swift in Sources */,
			);
			runOnlyForDeploymentPostprocessing = 0;
		};
/* End PBXSourcesBuildPhase section */

/* Begin PBXVariantGroup section */
		CEA696482A5B213E002E8272 /* LaunchScreen.storyboard */ = {
			isa = PBXVariantGroup;
			children = (
				CEA696492A5B213E002E8272 /* Base */,
			);
			name = LaunchScreen.storyboard;
			sourceTree = "<group>";
		};
/* End PBXVariantGroup section */

/* Begin XCBuildConfiguration section */
		CEA6964C2A5B213E002E8272 /* Debug */ = {
			isa = XCBuildConfiguration;
			buildSettings = {
				ALWAYS_SEARCH_USER_PATHS = NO;
				CLANG_ANALYZER_NONNULL = YES;
				CLANG_ANALYZER_NUMBER_OBJECT_CONVERSION = YES_AGGRESSIVE;
				CLANG_CXX_LANGUAGE_STANDARD = "gnu++20";
				CLANG_ENABLE_MODULES = YES;
				CLANG_ENABLE_OBJC_ARC = YES;
				CLANG_ENABLE_OBJC_WEAK = YES;
				CLANG_WARN_BLOCK_CAPTURE_AUTORELEASING = YES;
				CLANG_WARN_BOOL_CONVERSION = YES;
				CLANG_WARN_COMMA = YES;
				CLANG_WARN_CONSTANT_CONVERSION = YES;
				CLANG_WARN_DEPRECATED_OBJC_IMPLEMENTATIONS = YES;
				CLANG_WARN_DIRECT_OBJC_ISA_USAGE = YES_ERROR;
				CLANG_WARN_DOCUMENTATION_COMMENTS = YES;
				CLANG_WARN_EMPTY_BODY = YES;
				CLANG_WARN_ENUM_CONVERSION = YES;
				CLANG_WARN_INFINITE_RECURSION = YES;
				CLANG_WARN_INT_CONVERSION = YES;
				CLANG_WARN_NON_LITERAL_NULL_CONVERSION = YES;
				CLANG_WARN_OBJC_IMPLICIT_RETAIN_SELF = YES;
				CLANG_WARN_OBJC_LITERAL_CONVERSION = YES;
				CLANG_WARN_OBJC_ROOT_CLASS = YES_ERROR;
				CLANG_WARN_QUOTED_INCLUDE_IN_FRAMEWORK_HEADER = YES;
				CLANG_WARN_RANGE_LOOP_ANALYSIS = YES;
				CLANG_WARN_STRICT_PROTOTYPES = YES;
				CLANG_WARN_SUSPICIOUS_MOVE = YES;
				CLANG_WARN_UNGUARDED_AVAILABILITY = YES_AGGRESSIVE;
				CLANG_WARN_UNREACHABLE_CODE = YES;
				CLANG_WARN__DUPLICATE_METHOD_MATCH = YES;
				COPY_PHASE_STRIP = NO;
				DEBUG_INFORMATION_FORMAT = dwarf;
				ENABLE_STRICT_OBJC_MSGSEND = YES;
				ENABLE_TESTABILITY = YES;
				GCC_C_LANGUAGE_STANDARD = gnu11;
				GCC_DYNAMIC_NO_PIC = NO;
				GCC_NO_COMMON_BLOCKS = YES;
				GCC_OPTIMIZATION_LEVEL = 0;
				GCC_PREPROCESSOR_DEFINITIONS = (
					"DEBUG=1",
					"$(inherited)",
				);
				GCC_WARN_64_TO_32_BIT_CONVERSION = YES;
				GCC_WARN_ABOUT_RETURN_TYPE = YES_ERROR;
				GCC_WARN_UNDECLARED_SELECTOR = YES;
				GCC_WARN_UNINITIALIZED_AUTOS = YES_AGGRESSIVE;
				GCC_WARN_UNUSED_FUNCTION = YES;
				GCC_WARN_UNUSED_VARIABLE = YES;
				IPHONEOS_DEPLOYMENT_TARGET = 16.4;
				MTL_ENABLE_DEBUG_INFO = INCLUDE_SOURCE;
				MTL_FAST_MATH = YES;
				ONLY_ACTIVE_ARCH = YES;
				SDKROOT = iphoneos;
				SWIFT_ACTIVE_COMPILATION_CONDITIONS = DEBUG;
				SWIFT_OPTIMIZATION_LEVEL = "-Onone";
			};
			name = Debug;
		};
		CEA6964D2A5B213E002E8272 /* Release */ = {
			isa = XCBuildConfiguration;
			buildSettings = {
				ALWAYS_SEARCH_USER_PATHS = NO;
				CLANG_ANALYZER_NONNULL = YES;
				CLANG_ANALYZER_NUMBER_OBJECT_CONVERSION = YES_AGGRESSIVE;
				CLANG_CXX_LANGUAGE_STANDARD = "gnu++20";
				CLANG_ENABLE_MODULES = YES;
				CLANG_ENABLE_OBJC_ARC = YES;
				CLANG_ENABLE_OBJC_WEAK = YES;
				CLANG_WARN_BLOCK_CAPTURE_AUTORELEASING = YES;
				CLANG_WARN_BOOL_CONVERSION = YES;
				CLANG_WARN_COMMA = YES;
				CLANG_WARN_CONSTANT_CONVERSION = YES;
				CLANG_WARN_DEPRECATED_OBJC_IMPLEMENTATIONS = YES;
				CLANG_WARN_DIRECT_OBJC_ISA_USAGE = YES_ERROR;
				CLANG_WARN_DOCUMENTATION_COMMENTS = YES;
				CLANG_WARN_EMPTY_BODY = YES;
				CLANG_WARN_ENUM_CONVERSION = YES;
				CLANG_WARN_INFINITE_RECURSION = YES;
				CLANG_WARN_INT_CONVERSION = YES;
				CLANG_WARN_NON_LITERAL_NULL_CONVERSION = YES;
				CLANG_WARN_OBJC_IMPLICIT_RETAIN_SELF = YES;
				CLANG_WARN_OBJC_LITERAL_CONVERSION = YES;
				CLANG_WARN_OBJC_ROOT_CLASS = YES_ERROR;
				CLANG_WARN_QUOTED_INCLUDE_IN_FRAMEWORK_HEADER = YES;
				CLANG_WARN_RANGE_LOOP_ANALYSIS = YES;
				CLANG_WARN_STRICT_PROTOTYPES = YES;
				CLANG_WARN_SUSPICIOUS_MOVE = YES;
				CLANG_WARN_UNGUARDED_AVAILABILITY = YES_AGGRESSIVE;
				CLANG_WARN_UNREACHABLE_CODE = YES;
				CLANG_WARN__DUPLICATE_METHOD_MATCH = YES;
				COPY_PHASE_STRIP = NO;
				DEBUG_INFORMATION_FORMAT = "dwarf-with-dsym";
				ENABLE_NS_ASSERTIONS = NO;
				ENABLE_STRICT_OBJC_MSGSEND = YES;
				GCC_C_LANGUAGE_STANDARD = gnu11;
				GCC_NO_COMMON_BLOCKS = YES;
				GCC_WARN_64_TO_32_BIT_CONVERSION = YES;
				GCC_WARN_ABOUT_RETURN_TYPE = YES_ERROR;
				GCC_WARN_UNDECLARED_SELECTOR = YES;
				GCC_WARN_UNINITIALIZED_AUTOS = YES_AGGRESSIVE;
				GCC_WARN_UNUSED_FUNCTION = YES;
				GCC_WARN_UNUSED_VARIABLE = YES;
				IPHONEOS_DEPLOYMENT_TARGET = 16.4;
				MTL_ENABLE_DEBUG_INFO = NO;
				MTL_FAST_MATH = YES;
				SDKROOT = iphoneos;
				SWIFT_COMPILATION_MODE = wholemodule;
				SWIFT_OPTIMIZATION_LEVEL = "-O";
				VALIDATE_PRODUCT = YES;
			};
			name = Release;
		};
		CEA6964F2A5B213E002E8272 /* Debug */ = {
			isa = XCBuildConfiguration;
			buildSettings = {
				ASSETCATALOG_COMPILER_APPICON_NAME = AppIcon;
				ASSETCATALOG_COMPILER_GLOBAL_ACCENT_COLOR_NAME = AccentColor;
				CODE_SIGN_STYLE = Automatic;
				CURRENT_PROJECT_VERSION = 1;
				DEVELOPMENT_TEAM = Q32WAK9PQ6;
				GENERATE_INFOPLIST_FILE = YES;
				INFOPLIST_FILE = "Twitter Clone/Info.plist";
				INFOPLIST_KEY_UIApplicationSupportsIndirectInputEvents = YES;
				INFOPLIST_KEY_UILaunchStoryboardName = LaunchScreen;
				INFOPLIST_KEY_UISupportedInterfaceOrientations_iPad = "UIInterfaceOrientationPortrait UIInterfaceOrientationPortraitUpsideDown UIInterfaceOrientationLandscapeLeft UIInterfaceOrientationLandscapeRight";
				INFOPLIST_KEY_UISupportedInterfaceOrientations_iPhone = "UIInterfaceOrientationPortrait UIInterfaceOrientationLandscapeLeft UIInterfaceOrientationLandscapeRight";
				LD_RUNPATH_SEARCH_PATHS = (
					"$(inherited)",
					"@executable_path/Frameworks",
				);
				MARKETING_VERSION = 1.0;
				PRODUCT_BUNDLE_IDENTIFIER = "com.0011.Twitter-Clone";
				PRODUCT_NAME = "$(TARGET_NAME)";
				SWIFT_EMIT_LOC_STRINGS = YES;
				SWIFT_VERSION = 5.0;
				TARGETED_DEVICE_FAMILY = "1,2";
			};
			name = Debug;
		};
		CEA696502A5B213E002E8272 /* Release */ = {
			isa = XCBuildConfiguration;
			buildSettings = {
				ASSETCATALOG_COMPILER_APPICON_NAME = AppIcon;
				ASSETCATALOG_COMPILER_GLOBAL_ACCENT_COLOR_NAME = AccentColor;
				CODE_SIGN_STYLE = Automatic;
				CURRENT_PROJECT_VERSION = 1;
				DEVELOPMENT_TEAM = Q32WAK9PQ6;
				GENERATE_INFOPLIST_FILE = YES;
				INFOPLIST_FILE = "Twitter Clone/Info.plist";
				INFOPLIST_KEY_UIApplicationSupportsIndirectInputEvents = YES;
				INFOPLIST_KEY_UILaunchStoryboardName = LaunchScreen;
				INFOPLIST_KEY_UISupportedInterfaceOrientations_iPad = "UIInterfaceOrientationPortrait UIInterfaceOrientationPortraitUpsideDown UIInterfaceOrientationLandscapeLeft UIInterfaceOrientationLandscapeRight";
				INFOPLIST_KEY_UISupportedInterfaceOrientations_iPhone = "UIInterfaceOrientationPortrait UIInterfaceOrientationLandscapeLeft UIInterfaceOrientationLandscapeRight";
				LD_RUNPATH_SEARCH_PATHS = (
					"$(inherited)",
					"@executable_path/Frameworks",
				);
				MARKETING_VERSION = 1.0;
				PRODUCT_BUNDLE_IDENTIFIER = "com.0011.Twitter-Clone";
				PRODUCT_NAME = "$(TARGET_NAME)";
				SWIFT_EMIT_LOC_STRINGS = YES;
				SWIFT_VERSION = 5.0;
				TARGETED_DEVICE_FAMILY = "1,2";
			};
			name = Release;
		};
/* End XCBuildConfiguration section */

/* Begin XCConfigurationList section */
		CEA696322A5B213C002E8272 /* Build configuration list for PBXProject "Twitter Clone" */ = {
			isa = XCConfigurationList;
			buildConfigurations = (
				CEA6964C2A5B213E002E8272 /* Debug */,
				CEA6964D2A5B213E002E8272 /* Release */,
			);
			defaultConfigurationIsVisible = 0;
			defaultConfigurationName = Release;
		};
		CEA6964E2A5B213E002E8272 /* Build configuration list for PBXNativeTarget "Twitter Clone" */ = {
			isa = XCConfigurationList;
			buildConfigurations = (
				CEA6964F2A5B213E002E8272 /* Debug */,
				CEA696502A5B213E002E8272 /* Release */,
			);
			defaultConfigurationIsVisible = 0;
			defaultConfigurationName = Release;
		};
/* End XCConfigurationList section */

/* Begin XCRemoteSwiftPackageReference section */
		CE9A518E2A6832A00032EB47 /* XCRemoteSwiftPackageReference "firebase-ios-sdk" */ = {
			isa = XCRemoteSwiftPackageReference;
			repositoryURL = "https://github.com/firebase/firebase-ios-sdk";
			requirement = {
				kind = upToNextMinorVersion;
				minimumVersion = 10.12.0;
			};
		};
		CE9A51C02A77A20B0032EB47 /* XCRemoteSwiftPackageReference "SDWebImage" */ = {
			isa = XCRemoteSwiftPackageReference;
			repositoryURL = "https://github.com/SDWebImage/SDWebImage.git";
			requirement = {
				kind = upToNextMajorVersion;
				minimumVersion = 5.0.0;
			};
		};
/* End XCRemoteSwiftPackageReference section */

/* Begin XCSwiftPackageProductDependency section */
		CE9A518F2A6832A00032EB47 /* FirebaseAnalytics */ = {
			isa = XCSwiftPackageProductDependency;
			package = CE9A518E2A6832A00032EB47 /* XCRemoteSwiftPackageReference "firebase-ios-sdk" */;
			productName = FirebaseAnalytics;
		};
		CE9A51912A6832A00032EB47 /* FirebaseAnalyticsSwift */ = {
			isa = XCSwiftPackageProductDependency;
			package = CE9A518E2A6832A00032EB47 /* XCRemoteSwiftPackageReference "firebase-ios-sdk" */;
			productName = FirebaseAnalyticsSwift;
		};
		CE9A51932A6832A00032EB47 /* FirebaseAuth */ = {
			isa = XCSwiftPackageProductDependency;
			package = CE9A518E2A6832A00032EB47 /* XCRemoteSwiftPackageReference "firebase-ios-sdk" */;
			productName = FirebaseAuth;
		};
		CE9A51952A6832A00032EB47 /* FirebaseAuthCombine-Community */ = {
			isa = XCSwiftPackageProductDependency;
			package = CE9A518E2A6832A00032EB47 /* XCRemoteSwiftPackageReference "firebase-ios-sdk" */;
			productName = "FirebaseAuthCombine-Community";
		};
		CE9A51972A6832A00032EB47 /* FirebaseDatabase */ = {
			isa = XCSwiftPackageProductDependency;
			package = CE9A518E2A6832A00032EB47 /* XCRemoteSwiftPackageReference "firebase-ios-sdk" */;
			productName = FirebaseDatabase;
		};
		CE9A51992A6832A00032EB47 /* FirebaseDatabaseSwift */ = {
			isa = XCSwiftPackageProductDependency;
			package = CE9A518E2A6832A00032EB47 /* XCRemoteSwiftPackageReference "firebase-ios-sdk" */;
			productName = FirebaseDatabaseSwift;
		};
		CE9A519B2A6832A00032EB47 /* FirebaseFirestore */ = {
			isa = XCSwiftPackageProductDependency;
			package = CE9A518E2A6832A00032EB47 /* XCRemoteSwiftPackageReference "firebase-ios-sdk" */;
			productName = FirebaseFirestore;
		};
		CE9A519D2A6832A00032EB47 /* FirebaseFirestoreCombine-Community */ = {
			isa = XCSwiftPackageProductDependency;
			package = CE9A518E2A6832A00032EB47 /* XCRemoteSwiftPackageReference "firebase-ios-sdk" */;
			productName = "FirebaseFirestoreCombine-Community";
		};
		CE9A519F2A6832A00032EB47 /* FirebaseFirestoreSwift */ = {
			isa = XCSwiftPackageProductDependency;
			package = CE9A518E2A6832A00032EB47 /* XCRemoteSwiftPackageReference "firebase-ios-sdk" */;
			productName = FirebaseFirestoreSwift;
		};
		CE9A51A12A6832A00032EB47 /* FirebaseStorage */ = {
			isa = XCSwiftPackageProductDependency;
			package = CE9A518E2A6832A00032EB47 /* XCRemoteSwiftPackageReference "firebase-ios-sdk" */;
			productName = FirebaseStorage;
		};
		CE9A51A32A6832A00032EB47 /* FirebaseStorageCombine-Community */ = {
			isa = XCSwiftPackageProductDependency;
			package = CE9A518E2A6832A00032EB47 /* XCRemoteSwiftPackageReference "firebase-ios-sdk" */;
			productName = "FirebaseStorageCombine-Community";
		};
		CE9A51C12A77A20B0032EB47 /* SDWebImage */ = {
			isa = XCSwiftPackageProductDependency;
			package = CE9A51C02A77A20B0032EB47 /* XCRemoteSwiftPackageReference "SDWebImage" */;
			productName = SDWebImage;
		};
		CE9A51C32A77A20B0032EB47 /* SDWebImageMapKit */ = {
			isa = XCSwiftPackageProductDependency;
			package = CE9A51C02A77A20B0032EB47 /* XCRemoteSwiftPackageReference "SDWebImage" */;
			productName = SDWebImageMapKit;
		};
/* End XCSwiftPackageProductDependency section */

/* Begin XCVersionGroup section */
		CEA696432A5B213D002E8272 /* Twitter_Clone.xcdatamodeld */ = {
			isa = XCVersionGroup;
			children = (
				CEA696442A5B213D002E8272 /* Twitter_Clone.xcdatamodel */,
			);
			currentVersion = CEA696442A5B213D002E8272 /* Twitter_Clone.xcdatamodel */;
			path = Twitter_Clone.xcdatamodeld;
			sourceTree = "<group>";
			versionGroupType = wrapper.xcdatamodel;
		};
/* End XCVersionGroup section */
	};
	rootObject = CEA6962F2A5B213C002E8272 /* Project object */;
}
